// !$*UTF8*$!
{
	archiveVersion = 1;
	classes = {
	};
	objectVersion = 46;
	objects = {

/* Begin PBXBuildFile section */
		058C698C18FF0B380031F618 /* Foundation.framework in Frameworks */ = {isa = PBXBuildFile; fileRef = 058C698B18FF0B380031F618 /* Foundation.framework */; };
		058C698E18FF0B380031F618 /* CoreGraphics.framework in Frameworks */ = {isa = PBXBuildFile; fileRef = 058C698D18FF0B380031F618 /* CoreGraphics.framework */; };
		058C699018FF0B380031F618 /* UIKit.framework in Frameworks */ = {isa = PBXBuildFile; fileRef = 058C698F18FF0B380031F618 /* UIKit.framework */; };
		058C699618FF0B380031F618 /* InfoPlist.strings in Resources */ = {isa = PBXBuildFile; fileRef = 058C699418FF0B380031F618 /* InfoPlist.strings */; };
		058C699818FF0B380031F618 /* main.m in Sources */ = {isa = PBXBuildFile; fileRef = 058C699718FF0B380031F618 /* main.m */; };
		058C699C18FF0B380031F618 /* AppDelegate.m in Sources */ = {isa = PBXBuildFile; fileRef = 058C699B18FF0B380031F618 /* AppDelegate.m */; };
		058C699F18FF0B380031F618 /* Main_iPhone.storyboard in Resources */ = {isa = PBXBuildFile; fileRef = 058C699D18FF0B380031F618 /* Main_iPhone.storyboard */; };
		058C69A218FF0B380031F618 /* Main_iPad.storyboard in Resources */ = {isa = PBXBuildFile; fileRef = 058C69A018FF0B380031F618 /* Main_iPad.storyboard */; };
		058C69A518FF0B380031F618 /* ViewController.m in Sources */ = {isa = PBXBuildFile; fileRef = 058C69A418FF0B380031F618 /* ViewController.m */; };
		058C69A718FF0B380031F618 /* Images.xcassets in Resources */ = {isa = PBXBuildFile; fileRef = 058C69A618FF0B380031F618 /* Images.xcassets */; };
		058C69AE18FF0B380031F618 /* XCTest.framework in Frameworks */ = {isa = PBXBuildFile; fileRef = 058C69AD18FF0B380031F618 /* XCTest.framework */; };
		058C69AF18FF0B380031F618 /* Foundation.framework in Frameworks */ = {isa = PBXBuildFile; fileRef = 058C698B18FF0B380031F618 /* Foundation.framework */; };
		058C69B018FF0B380031F618 /* UIKit.framework in Frameworks */ = {isa = PBXBuildFile; fileRef = 058C698F18FF0B380031F618 /* UIKit.framework */; };
		058C69B818FF0B380031F618 /* InfoPlist.strings in Resources */ = {isa = PBXBuildFile; fileRef = 058C69B618FF0B380031F618 /* InfoPlist.strings */; };
		058C69BA18FF0B380031F618 /* WanderlustTests.m in Sources */ = {isa = PBXBuildFile; fileRef = 058C69B918FF0B380031F618 /* WanderlustTests.m */; };
/* End PBXBuildFile section */

/* Begin PBXContainerItemProxy section */
		058C69B118FF0B380031F618 /* PBXContainerItemProxy */ = {
			isa = PBXContainerItemProxy;
			containerPortal = 058C698018FF0B380031F618 /* Project object */;
			proxyType = 1;
			remoteGlobalIDString = 058C698718FF0B380031F618;
			remoteInfo = Wanderlust;
		};
/* End PBXContainerItemProxy section */

/* Begin PBXFileReference section */
		058C698818FF0B380031F618 /* Wanderlust.app */ = {isa = PBXFileReference; explicitFileType = wrapper.application; includeInIndex = 0; path = Wanderlust.app; sourceTree = BUILT_PRODUCTS_DIR; };
		058C698B18FF0B380031F618 /* Foundation.framework */ = {isa = PBXFileReference; lastKnownFileType = wrapper.framework; name = Foundation.framework; path = System/Library/Frameworks/Foundation.framework; sourceTree = SDKROOT; };
		058C698D18FF0B380031F618 /* CoreGraphics.framework */ = {isa = PBXFileReference; lastKnownFileType = wrapper.framework; name = CoreGraphics.framework; path = System/Library/Frameworks/CoreGraphics.framework; sourceTree = SDKROOT; };
		058C698F18FF0B380031F618 /* UIKit.framework */ = {isa = PBXFileReference; lastKnownFileType = wrapper.framework; name = UIKit.framework; path = System/Library/Frameworks/UIKit.framework; sourceTree = SDKROOT; };
		058C699318FF0B380031F618 /* Wanderlust-Info.plist */ = {isa = PBXFileReference; lastKnownFileType = text.plist.xml; path = "Wanderlust-Info.plist"; sourceTree = "<group>"; };
		058C699518FF0B380031F618 /* en */ = {isa = PBXFileReference; lastKnownFileType = text.plist.strings; name = en; path = en.lproj/InfoPlist.strings; sourceTree = "<group>"; };
		058C699718FF0B380031F618 /* main.m */ = {isa = PBXFileReference; lastKnownFileType = sourcecode.c.objc; path = main.m; sourceTree = "<group>"; };
		058C699918FF0B380031F618 /* Wanderlust-Prefix.pch */ = {isa = PBXFileReference; lastKnownFileType = sourcecode.c.h; path = "Wanderlust-Prefix.pch"; sourceTree = "<group>"; };
		058C699A18FF0B380031F618 /* AppDelegate.h */ = {isa = PBXFileReference; lastKnownFileType = sourcecode.c.h; path = AppDelegate.h; sourceTree = "<group>"; };
		058C699B18FF0B380031F618 /* AppDelegate.m */ = {isa = PBXFileReference; lastKnownFileType = sourcecode.c.objc; path = AppDelegate.m; sourceTree = "<group>"; };
		058C699E18FF0B380031F618 /* Base */ = {isa = PBXFileReference; lastKnownFileType = file.storyboard; name = Base; path = Base.lproj/Main_iPhone.storyboard; sourceTree = "<group>"; };
		058C69A118FF0B380031F618 /* Base */ = {isa = PBXFileReference; lastKnownFileType = file.storyboard; name = Base; path = Base.lproj/Main_iPad.storyboard; sourceTree = "<group>"; };
		058C69A318FF0B380031F618 /* ViewController.h */ = {isa = PBXFileReference; lastKnownFileType = sourcecode.c.h; path = ViewController.h; sourceTree = "<group>"; };
		058C69A418FF0B380031F618 /* ViewController.m */ = {isa = PBXFileReference; lastKnownFileType = sourcecode.c.objc; path = ViewController.m; sourceTree = "<group>"; };
		058C69A618FF0B380031F618 /* Images.xcassets */ = {isa = PBXFileReference; lastKnownFileType = folder.assetcatalog; path = Images.xcassets; sourceTree = "<group>"; };
		058C69AC18FF0B380031F618 /* WanderlustTests.xctest */ = {isa = PBXFileReference; explicitFileType = wrapper.cfbundle; includeInIndex = 0; path = WanderlustTests.xctest; sourceTree = BUILT_PRODUCTS_DIR; };
		058C69AD18FF0B380031F618 /* XCTest.framework */ = {isa = PBXFileReference; lastKnownFileType = wrapper.framework; name = XCTest.framework; path = Library/Frameworks/XCTest.framework; sourceTree = DEVELOPER_DIR; };
		058C69B518FF0B380031F618 /* WanderlustTests-Info.plist */ = {isa = PBXFileReference; lastKnownFileType = text.plist.xml; path = "WanderlustTests-Info.plist"; sourceTree = "<group>"; };
		058C69B718FF0B380031F618 /* en */ = {isa = PBXFileReference; lastKnownFileType = text.plist.strings; name = en; path = en.lproj/InfoPlist.strings; sourceTree = "<group>"; };
		058C69B918FF0B380031F618 /* WanderlustTests.m */ = {isa = PBXFileReference; lastKnownFileType = sourcecode.c.objc; path = WanderlustTests.m; sourceTree = "<group>"; };
/* End PBXFileReference section */

/* Begin PBXFrameworksBuildPhase section */
		058C698518FF0B380031F618 /* Frameworks */ = {
			isa = PBXFrameworksBuildPhase;
			buildActionMask = 2147483647;
			files = (
				058C698E18FF0B380031F618 /* CoreGraphics.framework in Frameworks */,
				058C699018FF0B380031F618 /* UIKit.framework in Frameworks */,
				058C698C18FF0B380031F618 /* Foundation.framework in Frameworks */,
			);
			runOnlyForDeploymentPostprocessing = 0;
		};
		058C69A918FF0B380031F618 /* Frameworks */ = {
			isa = PBXFrameworksBuildPhase;
			buildActionMask = 2147483647;
			files = (
				058C69AE18FF0B380031F618 /* XCTest.framework in Frameworks */,
				058C69B018FF0B380031F618 /* UIKit.framework in Frameworks */,
				058C69AF18FF0B380031F618 /* Foundation.framework in Frameworks */,
			);
			runOnlyForDeploymentPostprocessing = 0;
		};
/* End PBXFrameworksBuildPhase section */

/* Begin PBXGroup section */
		058C697F18FF0B380031F618 = {
			isa = PBXGroup;
			children = (
				058C699118FF0B380031F618 /* Wanderlust */,
				058C69B318FF0B380031F618 /* WanderlustTests */,
				058C698A18FF0B380031F618 /* Frameworks */,
				058C698918FF0B380031F618 /* Products */,
			);
			sourceTree = "<group>";
		};
		058C698918FF0B380031F618 /* Products */ = {
			isa = PBXGroup;
			children = (
				058C698818FF0B380031F618 /* Wanderlust.app */,
				058C69AC18FF0B380031F618 /* WanderlustTests.xctest */,
			);
			name = Products;
			sourceTree = "<group>";
		};
		058C698A18FF0B380031F618 /* Frameworks */ = {
			isa = PBXGroup;
			children = (
				058C698B18FF0B380031F618 /* Foundation.framework */,
				058C698D18FF0B380031F618 /* CoreGraphics.framework */,
				058C698F18FF0B380031F618 /* UIKit.framework */,
				058C69AD18FF0B380031F618 /* XCTest.framework */,
			);
			name = Frameworks;
			sourceTree = "<group>";
		};
		058C699118FF0B380031F618 /* Wanderlust */ = {
			isa = PBXGroup;
			children = (
				058C699A18FF0B380031F618 /* AppDelegate.h */,
				058C699B18FF0B380031F618 /* AppDelegate.m */,
				058C699D18FF0B380031F618 /* Main_iPhone.storyboard */,
				058C69A018FF0B380031F618 /* Main_iPad.storyboard */,
				058C69A318FF0B380031F618 /* ViewController.h */,
				058C69A418FF0B380031F618 /* ViewController.m */,
				058C69A618FF0B380031F618 /* Images.xcassets */,
				058C699218FF0B380031F618 /* Supporting Files */,
			);
			path = Wanderlust;
			sourceTree = "<group>";
		};
		058C699218FF0B380031F618 /* Supporting Files */ = {
			isa = PBXGroup;
			children = (
				058C699318FF0B380031F618 /* Wanderlust-Info.plist */,
				058C699418FF0B380031F618 /* InfoPlist.strings */,
				058C699718FF0B380031F618 /* main.m */,
				058C699918FF0B380031F618 /* Wanderlust-Prefix.pch */,
			);
			name = "Supporting Files";
			sourceTree = "<group>";
		};
		058C69B318FF0B380031F618 /* WanderlustTests */ = {
			isa = PBXGroup;
			children = (
				058C69B918FF0B380031F618 /* WanderlustTests.m */,
				058C69B418FF0B380031F618 /* Supporting Files */,
			);
			path = WanderlustTests;
			sourceTree = "<group>";
		};
		058C69B418FF0B380031F618 /* Supporting Files */ = {
			isa = PBXGroup;
			children = (
				058C69B518FF0B380031F618 /* WanderlustTests-Info.plist */,
				058C69B618FF0B380031F618 /* InfoPlist.strings */,
			);
			name = "Supporting Files";
			sourceTree = "<group>";
		};
/* End PBXGroup section */

/* Begin PBXNativeTarget section */
		058C698718FF0B380031F618 /* Wanderlust */ = {
			isa = PBXNativeTarget;
			buildConfigurationList = 058C69BD18FF0B380031F618 /* Build configuration list for PBXNativeTarget "Wanderlust" */;
			buildPhases = (
				058C698418FF0B380031F618 /* Sources */,
				058C698518FF0B380031F618 /* Frameworks */,
				058C698618FF0B380031F618 /* Resources */,
			);
			buildRules = (
			);
			dependencies = (
			);
			name = Wanderlust;
			productName = Wanderlust;
			productReference = 058C698818FF0B380031F618 /* Wanderlust.app */;
			productType = "com.apple.product-type.application";
		};
		058C69AB18FF0B380031F618 /* WanderlustTests */ = {
			isa = PBXNativeTarget;
			buildConfigurationList = 058C69C018FF0B380031F618 /* Build configuration list for PBXNativeTarget "WanderlustTests" */;
			buildPhases = (
				058C69A818FF0B380031F618 /* Sources */,
				058C69A918FF0B380031F618 /* Frameworks */,
				058C69AA18FF0B380031F618 /* Resources */,
			);
			buildRules = (
			);
			dependencies = (
				058C69B218FF0B380031F618 /* PBXTargetDependency */,
			);
			name = WanderlustTests;
			productName = WanderlustTests;
			productReference = 058C69AC18FF0B380031F618 /* WanderlustTests.xctest */;
			productType = "com.apple.product-type.bundle.unit-test";
		};
/* End PBXNativeTarget section */

/* Begin PBXProject section */
		058C698018FF0B380031F618 /* Project object */ = {
			isa = PBXProject;
			attributes = {
				LastUpgradeCheck = 0510;
				ORGANIZATIONNAME = "Jon Andersen";
				TargetAttributes = {
					058C69AB18FF0B380031F618 = {
						TestTargetID = 058C698718FF0B380031F618;
					};
				};
			};
			buildConfigurationList = 058C698318FF0B380031F618 /* Build configuration list for PBXProject "Wanderlust" */;
			compatibilityVersion = "Xcode 3.2";
			developmentRegion = English;
			hasScannedForEncodings = 0;
			knownRegions = (
				en,
				Base,
			);
			mainGroup = 058C697F18FF0B380031F618;
			productRefGroup = 058C698918FF0B380031F618 /* Products */;
			projectDirPath = "";
			projectRoot = "";
			targets = (
				058C698718FF0B380031F618 /* Wanderlust */,
				058C69AB18FF0B380031F618 /* WanderlustTests */,
			);
		};
/* End PBXProject section */

/* Begin PBXResourcesBuildPhase section */
		058C698618FF0B380031F618 /* Resources */ = {
			isa = PBXResourcesBuildPhase;
			buildActionMask = 2147483647;
			files = (
				058C69A218FF0B380031F618 /* Main_iPad.storyboard in Resources */,
				058C69A718FF0B380031F618 /* Images.xcassets in Resources */,
				058C699F18FF0B380031F618 /* Main_iPhone.storyboard in Resources */,
				058C699618FF0B380031F618 /* InfoPlist.strings in Resources */,
			);
			runOnlyForDeploymentPostprocessing = 0;
		};
		058C69AA18FF0B380031F618 /* Resources */ = {
			isa = PBXResourcesBuildPhase;
			buildActionMask = 2147483647;
			files = (
				058C69B818FF0B380031F618 /* InfoPlist.strings in Resources */,
			);
			runOnlyForDeploymentPostprocessing = 0;
		};
/* End PBXResourcesBuildPhase section */

/* Begin PBXSourcesBuildPhase section */
		058C698418FF0B380031F618 /* Sources */ = {
			isa = PBXSourcesBuildPhase;
			buildActionMask = 2147483647;
			files = (
				058C69A518FF0B380031F618 /* ViewController.m in Sources */,
				058C699C18FF0B380031F618 /* AppDelegate.m in Sources */,
				058C699818FF0B380031F618 /* main.m in Sources */,
			);
			runOnlyForDeploymentPostprocessing = 0;
		};
		058C69A818FF0B380031F618 /* Sources */ = {
			isa = PBXSourcesBuildPhase;
			buildActionMask = 2147483647;
			files = (
				058C69BA18FF0B380031F618 /* WanderlustTests.m in Sources */,
			);
			runOnlyForDeploymentPostprocessing = 0;
		};
/* End PBXSourcesBuildPhase section */

/* Begin PBXTargetDependency section */
		058C69B218FF0B380031F618 /* PBXTargetDependency */ = {
			isa = PBXTargetDependency;
			target = 058C698718FF0B380031F618 /* Wanderlust */;
			targetProxy = 058C69B118FF0B380031F618 /* PBXContainerItemProxy */;
		};
/* End PBXTargetDependency section */

/* Begin PBXVariantGroup section */
		058C699418FF0B380031F618 /* InfoPlist.strings */ = {
			isa = PBXVariantGroup;
			children = (
				058C699518FF0B380031F618 /* en */,
			);
			name = InfoPlist.strings;
			sourceTree = "<group>";
		};
		058C699D18FF0B380031F618 /* Main_iPhone.storyboard */ = {
			isa = PBXVariantGroup;
			children = (
				058C699E18FF0B380031F618 /* Base */,
			);
			name = Main_iPhone.storyboard;
			sourceTree = "<group>";
		};
		058C69A018FF0B380031F618 /* Main_iPad.storyboard */ = {
			isa = PBXVariantGroup;
			children = (
				058C69A118FF0B380031F618 /* Base */,
			);
			name = Main_iPad.storyboard;
			sourceTree = "<group>";
		};
		058C69B618FF0B380031F618 /* InfoPlist.strings */ = {
			isa = PBXVariantGroup;
			children = (
				058C69B718FF0B380031F618 /* en */,
			);
			name = InfoPlist.strings;
			sourceTree = "<group>";
		};
/* End PBXVariantGroup section */

/* Begin XCBuildConfiguration section */
		058C69BB18FF0B380031F618 /* Debug */ = {
			isa = XCBuildConfiguration;
			buildSettings = {
				ALWAYS_SEARCH_USER_PATHS = NO;
				CLANG_CXX_LANGUAGE_STANDARD = "gnu++0x";
				CLANG_CXX_LIBRARY = "libc++";
				CLANG_ENABLE_MODULES = YES;
				CLANG_ENABLE_OBJC_ARC = YES;
				CLANG_WARN_BOOL_CONVERSION = YES;
				CLANG_WARN_CONSTANT_CONVERSION = YES;
				CLANG_WARN_DIRECT_OBJC_ISA_USAGE = YES_ERROR;
				CLANG_WARN_EMPTY_BODY = YES;
				CLANG_WARN_ENUM_CONVERSION = YES;
				CLANG_WARN_INT_CONVERSION = YES;
				CLANG_WARN_OBJC_ROOT_CLASS = YES_ERROR;
				CLANG_WARN__DUPLICATE_METHOD_MATCH = YES;
				"CODE_SIGN_IDENTITY[sdk=iphoneos*]" = "iPhone Developer";
				COPY_PHASE_STRIP = NO;
				GCC_C_LANGUAGE_STANDARD = gnu99;
				GCC_DYNAMIC_NO_PIC = NO;
				GCC_OPTIMIZATION_LEVEL = 0;
				GCC_PREPROCESSOR_DEFINITIONS = (
					"DEBUG=1",
					"$(inherited)",
				);
				GCC_SYMBOLS_PRIVATE_EXTERN = NO;
				GCC_WARN_64_TO_32_BIT_CONVERSION = YES;
				GCC_WARN_ABOUT_RETURN_TYPE = YES_ERROR;
				GCC_WARN_UNDECLARED_SELECTOR = YES;
				GCC_WARN_UNINITIALIZED_AUTOS = YES_AGGRESSIVE;
				GCC_WARN_UNUSED_FUNCTION = YES;
				GCC_WARN_UNUSED_VARIABLE = YES;
				IPHONEOS_DEPLOYMENT_TARGET = 7.1;
				ONLY_ACTIVE_ARCH = YES;
				SDKROOT = iphoneos;
				TARGETED_DEVICE_FAMILY = "1,2";
			};
			name = Debug;
		};
		058C69BC18FF0B380031F618 /* Release */ = {
			isa = XCBuildConfiguration;
			buildSettings = {
				ALWAYS_SEARCH_USER_PATHS = NO;
				CLANG_CXX_LANGUAGE_STANDARD = "gnu++0x";
				CLANG_CXX_LIBRARY = "libc++";
				CLANG_ENABLE_MODULES = YES;
				CLANG_ENABLE_OBJC_ARC = YES;
				CLANG_WARN_BOOL_CONVERSION = YES;
				CLANG_WARN_CONSTANT_CONVERSION = YES;
				CLANG_WARN_DIRECT_OBJC_ISA_USAGE = YES_ERROR;
				CLANG_WARN_EMPTY_BODY = YES;
				CLANG_WARN_ENUM_CONVERSION = YES;
				CLANG_WARN_INT_CONVERSION = YES;
				CLANG_WARN_OBJC_ROOT_CLASS = YES_ERROR;
				CLANG_WARN__DUPLICATE_METHOD_MATCH = YES;
				"CODE_SIGN_IDENTITY[sdk=iphoneos*]" = "iPhone Developer";
				COPY_PHASE_STRIP = YES;
				ENABLE_NS_ASSERTIONS = NO;
				GCC_C_LANGUAGE_STANDARD = gnu99;
				GCC_WARN_64_TO_32_BIT_CONVERSION = YES;
				GCC_WARN_ABOUT_RETURN_TYPE = YES_ERROR;
				GCC_WARN_UNDECLARED_SELECTOR = YES;
				GCC_WARN_UNINITIALIZED_AUTOS = YES_AGGRESSIVE;
				GCC_WARN_UNUSED_FUNCTION = YES;
				GCC_WARN_UNUSED_VARIABLE = YES;
				IPHONEOS_DEPLOYMENT_TARGET = 7.1;
				SDKROOT = iphoneos;
				TARGETED_DEVICE_FAMILY = "1,2";
				VALIDATE_PRODUCT = YES;
			};
			name = Release;
		};
		058C69BE18FF0B380031F618 /* Debug */ = {
			isa = XCBuildConfiguration;
			buildSettings = {
				ASSETCATALOG_COMPILER_APPICON_NAME = AppIcon;
				ASSETCATALOG_COMPILER_LAUNCHIMAGE_NAME = LaunchImage;
				GCC_PRECOMPILE_PREFIX_HEADER = YES;
				GCC_PREFIX_HEADER = "Wanderlust/Wanderlust-Prefix.pch";
				INFOPLIST_FILE = "Wanderlust/Wanderlust-Info.plist";
				PRODUCT_NAME = "$(TARGET_NAME)";
				WRAPPER_EXTENSION = app;
			};
			name = Debug;
		};
		058C69BF18FF0B380031F618 /* Release */ = {
			isa = XCBuildConfiguration;
			buildSettings = {
				ASSETCATALOG_COMPILER_APPICON_NAME = AppIcon;
				ASSETCATALOG_COMPILER_LAUNCHIMAGE_NAME = LaunchImage;
				GCC_PRECOMPILE_PREFIX_HEADER = YES;
				GCC_PREFIX_HEADER = "Wanderlust/Wanderlust-Prefix.pch";
				INFOPLIST_FILE = "Wanderlust/Wanderlust-Info.plist";
				PRODUCT_NAME = "$(TARGET_NAME)";
				WRAPPER_EXTENSION = app;
			};
			name = Release;
		};
		058C69C118FF0B380031F618 /* Debug */ = {
			isa = XCBuildConfiguration;
			buildSettings = {
				BUNDLE_LOADER = "$(BUILT_PRODUCTS_DIR)/Wanderlust.app/Wanderlust";
				FRAMEWORK_SEARCH_PATHS = (
					"$(SDKROOT)/Developer/Library/Frameworks",
					"$(inherited)",
					"$(DEVELOPER_FRAMEWORKS_DIR)",
				);
				GCC_PRECOMPILE_PREFIX_HEADER = YES;
				GCC_PREFIX_HEADER = "Wanderlust/Wanderlust-Prefix.pch";
				GCC_PREPROCESSOR_DEFINITIONS = (
					"DEBUG=1",
					"$(inherited)",
				);
				INFOPLIST_FILE = "WanderlustTests/WanderlustTests-Info.plist";
				PRODUCT_NAME = "$(TARGET_NAME)";
				TEST_HOST = "$(BUNDLE_LOADER)";
				WRAPPER_EXTENSION = xctest;
			};
			name = Debug;
		};
		058C69C218FF0B380031F618 /* Release */ = {
			isa = XCBuildConfiguration;
			buildSettings = {
				BUNDLE_LOADER = "$(BUILT_PRODUCTS_DIR)/Wanderlust.app/Wanderlust";
				FRAMEWORK_SEARCH_PATHS = (
					"$(SDKROOT)/Developer/Library/Frameworks",
					"$(inherited)",
					"$(DEVELOPER_FRAMEWORKS_DIR)",
				);
				GCC_PRECOMPILE_PREFIX_HEADER = YES;
				GCC_PREFIX_HEADER = "Wanderlust/Wanderlust-Prefix.pch";
				INFOPLIST_FILE = "WanderlustTests/WanderlustTests-Info.plist";
				PRODUCT_NAME = "$(TARGET_NAME)";
				TEST_HOST = "$(BUNDLE_LOADER)";
				WRAPPER_EXTENSION = xctest;
			};
			name = Release;
		};
/* End XCBuildConfiguration section */

/* Begin XCConfigurationList section */
		058C698318FF0B380031F618 /* Build configuration list for PBXProject "Wanderlust" */ = {
			isa = XCConfigurationList;
			buildConfigurations = (
				058C69BB18FF0B380031F618 /* Debug */,
				058C69BC18FF0B380031F618 /* Release */,
			);
			defaultConfigurationIsVisible = 0;
			defaultConfigurationName = Release;
		};
		058C69BD18FF0B380031F618 /* Build configuration list for PBXNativeTarget "Wanderlust" */ = {
			isa = XCConfigurationList;
			buildConfigurations = (
				058C69BE18FF0B380031F618 /* Debug */,
				058C69BF18FF0B380031F618 /* Release */,
			);
			defaultConfigurationIsVisible = 0;
		};
		058C69C018FF0B380031F618 /* Build configuration list for PBXNativeTarget "WanderlustTests" */ = {
			isa = XCConfigurationList;
			buildConfigurations = (
				058C69C118FF0B380031F618 /* Debug */,
				058C69C218FF0B380031F618 /* Release */,
			);
			defaultConfigurationIsVisible = 0;
		};
/* End XCConfigurationList section */
	};
	rootObject = 058C698018FF0B380031F618 /* Project object */;
}
