// !$*UTF8*$!
{
	archiveVersion = 1;
	classes = {
	};
	objectVersion = 46;
	objects = {

/* Begin PBXBuildFile section */
		052A2DE1037F4FBDBD5B71E1 /* libPods.a in Frameworks */ = {isa = PBXBuildFile; fileRef = 73705C8A1CC24B26BF57BE3F /* libPods.a */; };
		0588BC8D1906FC1400EA73C8 /* testImage.jpg in Resources */ = {isa = PBXBuildFile; fileRef = 0588BC8C1906FC1400EA73C8 /* testImage.jpg */; };
		058C698C18FF0B380031F618 /* Foundation.framework in Frameworks */ = {isa = PBXBuildFile; fileRef = 058C698B18FF0B380031F618 /* Foundation.framework */; };
		058C698E18FF0B380031F618 /* CoreGraphics.framework in Frameworks */ = {isa = PBXBuildFile; fileRef = 058C698D18FF0B380031F618 /* CoreGraphics.framework */; };
		058C699018FF0B380031F618 /* UIKit.framework in Frameworks */ = {isa = PBXBuildFile; fileRef = 058C698F18FF0B380031F618 /* UIKit.framework */; };
		058C699618FF0B380031F618 /* InfoPlist.strings in Resources */ = {isa = PBXBuildFile; fileRef = 058C699418FF0B380031F618 /* InfoPlist.strings */; };
		058C699818FF0B380031F618 /* main.m in Sources */ = {isa = PBXBuildFile; fileRef = 058C699718FF0B380031F618 /* main.m */; };
		058C699C18FF0B380031F618 /* AppDelegate.m in Sources */ = {isa = PBXBuildFile; fileRef = 058C699B18FF0B380031F618 /* AppDelegate.m */; };
		058C699F18FF0B380031F618 /* Main_iPhone.storyboard in Resources */ = {isa = PBXBuildFile; fileRef = 058C699D18FF0B380031F618 /* Main_iPhone.storyboard */; };
		058C69A218FF0B380031F618 /* Main_iPad.storyboard in Resources */ = {isa = PBXBuildFile; fileRef = 058C69A018FF0B380031F618 /* Main_iPad.storyboard */; };
		058C69A718FF0B380031F618 /* Images.xcassets in Resources */ = {isa = PBXBuildFile; fileRef = 058C69A618FF0B380031F618 /* Images.xcassets */; };
		058C69AE18FF0B380031F618 /* XCTest.framework in Frameworks */ = {isa = PBXBuildFile; fileRef = 058C69AD18FF0B380031F618 /* XCTest.framework */; };
		058C69AF18FF0B380031F618 /* Foundation.framework in Frameworks */ = {isa = PBXBuildFile; fileRef = 058C698B18FF0B380031F618 /* Foundation.framework */; };
		058C69B018FF0B380031F618 /* UIKit.framework in Frameworks */ = {isa = PBXBuildFile; fileRef = 058C698F18FF0B380031F618 /* UIKit.framework */; };
		058C69B818FF0B380031F618 /* InfoPlist.strings in Resources */ = {isa = PBXBuildFile; fileRef = 058C69B618FF0B380031F618 /* InfoPlist.strings */; };
		058C69C918FF0B5E0031F618 /* SightViewCell.m in Sources */ = {isa = PBXBuildFile; fileRef = 058C69C318FF0B5E0031F618 /* SightViewCell.m */; };
		058C69CE18FF0B660031F618 /* SightDataSourceSpec.m in Sources */ = {isa = PBXBuildFile; fileRef = 058C69CC18FF0B660031F618 /* SightDataSourceSpec.m */; };
		058C69CF18FF0B660031F618 /* SightViewControllerSpec.m in Sources */ = {isa = PBXBuildFile; fileRef = 058C69CD18FF0B660031F618 /* SightViewControllerSpec.m */; };
		4E603C222BE64C73A413B04D /* libPods-WanderlustTests.a in Frameworks */ = {isa = PBXBuildFile; fileRef = F24267DFDA254621B782269F /* libPods-WanderlustTests.a */; };
		F9AAB0A6DA25944B66EF20FD /* DataAccessStore.m in Sources */ = {isa = PBXBuildFile; fileRef = F9AAB5F192C0B713F002DBBE /* DataAccessStore.m */; };
		F9AAB2838548A27D8AE6A259 /* Registry.m in Sources */ = {isa = PBXBuildFile; fileRef = F9AABD09F73AE50D40C78B98 /* Registry.m */; };
		F9AAB40C08709D090CF7A7F7 /* SightDataSource.m in Sources */ = {isa = PBXBuildFile; fileRef = F9AAB91049A796B151D64506 /* SightDataSource.m */; };
		F9AAB5330863DE9E8D646FBF /* RegistrySpec.m in Sources */ = {isa = PBXBuildFile; fileRef = F9AABE353261484885F5EC58 /* RegistrySpec.m */; };
		F9AAB63F883BBB36C3CA92E6 /* DataAccessStoreSpec.m in Sources */ = {isa = PBXBuildFile; fileRef = F9AAB6307883EE1996DE59BA /* DataAccessStoreSpec.m */; };
		F9AAB651565770D4810DF36B /* UITableViewMock.m in Sources */ = {isa = PBXBuildFile; fileRef = F9AAB00F9DC4D9BEC51ED664 /* UITableViewMock.m */; };
		F9AAB6926A89E0CB3AF23EF2 /* SightViewModelSpec.m in Sources */ = {isa = PBXBuildFile; fileRef = F9AAB3C95BA2C74ECE755324 /* SightViewModelSpec.m */; };
		F9AABABFAE69889A040437D9 /* SightViewController.m in Sources */ = {isa = PBXBuildFile; fileRef = F9AAB16F24E3319A715AE138 /* SightViewController.m */; };
		F9AABB0C7B5FD7CB8E56CD67 /* SightViewCellSpec.m in Sources */ = {isa = PBXBuildFile; fileRef = F9AAB2F30622ADE9FF61B91F /* SightViewCellSpec.m */; };
		F9AABC2587ED6A0A12BC5D67 /* AppDelegateSpec.m in Sources */ = {isa = PBXBuildFile; fileRef = F9AABBEE76C268B64D3200E0 /* AppDelegateSpec.m */; };
		F9AABEAB81B11D6FCD0BB83C /* SightViewModel.m in Sources */ = {isa = PBXBuildFile; fileRef = F9AABF38C75175267D6A5A51 /* SightViewModel.m */; };
/* End PBXBuildFile section */

/* Begin PBXContainerItemProxy section */
		058C69B118FF0B380031F618 /* PBXContainerItemProxy */ = {
			isa = PBXContainerItemProxy;
			containerPortal = 058C698018FF0B380031F618 /* Project object */;
			proxyType = 1;
			remoteGlobalIDString = 058C698718FF0B380031F618;
			remoteInfo = Wanderlust;
		};
/* End PBXContainerItemProxy section */

/* Begin PBXFileReference section */
		0588BC8C1906FC1400EA73C8 /* testImage.jpg */ = {isa = PBXFileReference; lastKnownFileType = image.jpeg; name = testImage.jpg; path = ../testImage.jpg; sourceTree = "<group>"; };
		058C698818FF0B380031F618 /* Wanderlust.app */ = {isa = PBXFileReference; explicitFileType = wrapper.application; includeInIndex = 0; path = Wanderlust.app; sourceTree = BUILT_PRODUCTS_DIR; };
		058C698B18FF0B380031F618 /* Foundation.framework */ = {isa = PBXFileReference; lastKnownFileType = wrapper.framework; name = Foundation.framework; path = System/Library/Frameworks/Foundation.framework; sourceTree = SDKROOT; };
		058C698D18FF0B380031F618 /* CoreGraphics.framework */ = {isa = PBXFileReference; lastKnownFileType = wrapper.framework; name = CoreGraphics.framework; path = System/Library/Frameworks/CoreGraphics.framework; sourceTree = SDKROOT; };
		058C698F18FF0B380031F618 /* UIKit.framework */ = {isa = PBXFileReference; lastKnownFileType = wrapper.framework; name = UIKit.framework; path = System/Library/Frameworks/UIKit.framework; sourceTree = SDKROOT; };
		058C699318FF0B380031F618 /* Wanderlust-Info.plist */ = {isa = PBXFileReference; lastKnownFileType = text.plist.xml; path = "Wanderlust-Info.plist"; sourceTree = "<group>"; };
		058C699518FF0B380031F618 /* en */ = {isa = PBXFileReference; lastKnownFileType = text.plist.strings; name = en; path = en.lproj/InfoPlist.strings; sourceTree = "<group>"; };
		058C699718FF0B380031F618 /* main.m */ = {isa = PBXFileReference; lastKnownFileType = sourcecode.c.objc; path = main.m; sourceTree = "<group>"; };
		058C699918FF0B380031F618 /* Wanderlust-Prefix.pch */ = {isa = PBXFileReference; lastKnownFileType = sourcecode.c.h; path = "Wanderlust-Prefix.pch"; sourceTree = "<group>"; };
		058C699A18FF0B380031F618 /* AppDelegate.h */ = {isa = PBXFileReference; lastKnownFileType = sourcecode.c.h; path = AppDelegate.h; sourceTree = "<group>"; };
		058C699B18FF0B380031F618 /* AppDelegate.m */ = {isa = PBXFileReference; lastKnownFileType = sourcecode.c.objc; path = AppDelegate.m; sourceTree = "<group>"; };
		058C699E18FF0B380031F618 /* Base */ = {isa = PBXFileReference; lastKnownFileType = file.storyboard; name = Base; path = Base.lproj/Main_iPhone.storyboard; sourceTree = "<group>"; };
		058C69A118FF0B380031F618 /* Base */ = {isa = PBXFileReference; lastKnownFileType = file.storyboard; name = Base; path = Base.lproj/Main_iPad.storyboard; sourceTree = "<group>"; };
		058C69A618FF0B380031F618 /* Images.xcassets */ = {isa = PBXFileReference; lastKnownFileType = folder.assetcatalog; path = Images.xcassets; sourceTree = "<group>"; };
		058C69AC18FF0B380031F618 /* WanderlustTests.xctest */ = {isa = PBXFileReference; explicitFileType = wrapper.cfbundle; includeInIndex = 0; path = WanderlustTests.xctest; sourceTree = BUILT_PRODUCTS_DIR; };
		058C69AD18FF0B380031F618 /* XCTest.framework */ = {isa = PBXFileReference; lastKnownFileType = wrapper.framework; name = XCTest.framework; path = Library/Frameworks/XCTest.framework; sourceTree = DEVELOPER_DIR; };
		058C69B518FF0B380031F618 /* WanderlustTests-Info.plist */ = {isa = PBXFileReference; lastKnownFileType = text.plist.xml; path = "WanderlustTests-Info.plist"; sourceTree = "<group>"; };
		058C69B718FF0B380031F618 /* en */ = {isa = PBXFileReference; lastKnownFileType = text.plist.strings; name = en; path = en.lproj/InfoPlist.strings; sourceTree = "<group>"; };
		058C69C318FF0B5E0031F618 /* SightViewCell.m */ = {isa = PBXFileReference; fileEncoding = 4; lastKnownFileType = sourcecode.c.objc; path = SightViewCell.m; sourceTree = "<group>"; };
		058C69C418FF0B5E0031F618 /* SightViewCell.h */ = {isa = PBXFileReference; fileEncoding = 4; lastKnownFileType = sourcecode.c.h; path = SightViewCell.h; sourceTree = "<group>"; };
		058C69CC18FF0B660031F618 /* SightDataSourceSpec.m */ = {isa = PBXFileReference; fileEncoding = 4; lastKnownFileType = sourcecode.c.objc; path = SightDataSourceSpec.m; sourceTree = "<group>"; };
		058C69CD18FF0B660031F618 /* SightViewControllerSpec.m */ = {isa = PBXFileReference; fileEncoding = 4; lastKnownFileType = sourcecode.c.objc; path = SightViewControllerSpec.m; sourceTree = "<group>"; };
		49A4783A36894C17847E3205 /* Pods-WanderlustTests.xcconfig */ = {isa = PBXFileReference; includeInIndex = 1; lastKnownFileType = text.xcconfig; name = "Pods-WanderlustTests.xcconfig"; path = "Pods/Pods-WanderlustTests.xcconfig"; sourceTree = "<group>"; };
		6959537B4BF94BB09E6F34D0 /* Pods.xcconfig */ = {isa = PBXFileReference; includeInIndex = 1; lastKnownFileType = text.xcconfig; name = Pods.xcconfig; path = Pods/Pods.xcconfig; sourceTree = "<group>"; };
		73705C8A1CC24B26BF57BE3F /* libPods.a */ = {isa = PBXFileReference; explicitFileType = archive.ar; includeInIndex = 0; path = libPods.a; sourceTree = BUILT_PRODUCTS_DIR; };
		F24267DFDA254621B782269F /* libPods-WanderlustTests.a */ = {isa = PBXFileReference; explicitFileType = archive.ar; includeInIndex = 0; path = "libPods-WanderlustTests.a"; sourceTree = BUILT_PRODUCTS_DIR; };
		F9AAB00F9DC4D9BEC51ED664 /* UITableViewMock.m */ = {isa = PBXFileReference; fileEncoding = 4; lastKnownFileType = sourcecode.c.objc; path = UITableViewMock.m; sourceTree = "<group>"; };
		F9AAB0A7758991B80D1B1145 /* Registry.h */ = {isa = PBXFileReference; fileEncoding = 4; lastKnownFileType = sourcecode.c.h; path = Registry.h; sourceTree = "<group>"; };
		F9AAB16F24E3319A715AE138 /* SightViewController.m */ = {isa = PBXFileReference; fileEncoding = 4; lastKnownFileType = sourcecode.c.objc; path = SightViewController.m; sourceTree = "<group>"; };
		F9AAB2F30622ADE9FF61B91F /* SightViewCellSpec.m */ = {isa = PBXFileReference; fileEncoding = 4; lastKnownFileType = sourcecode.c.objc; path = SightViewCellSpec.m; sourceTree = "<group>"; };
		F9AAB3C95BA2C74ECE755324 /* SightViewModelSpec.m */ = {isa = PBXFileReference; fileEncoding = 4; lastKnownFileType = sourcecode.c.objc; path = SightViewModelSpec.m; sourceTree = "<group>"; };
		F9AAB3DBB35EECC58ABCF962 /* DataAccessStore.h */ = {isa = PBXFileReference; fileEncoding = 4; lastKnownFileType = sourcecode.c.h; path = DataAccessStore.h; sourceTree = "<group>"; };
		F9AAB5F192C0B713F002DBBE /* DataAccessStore.m */ = {isa = PBXFileReference; fileEncoding = 4; lastKnownFileType = sourcecode.c.objc; path = DataAccessStore.m; sourceTree = "<group>"; };
		F9AAB6307883EE1996DE59BA /* DataAccessStoreSpec.m */ = {isa = PBXFileReference; fileEncoding = 4; lastKnownFileType = sourcecode.c.objc; path = DataAccessStoreSpec.m; sourceTree = "<group>"; };
		F9AAB67153552A605B79C71A /* SightViewController.h */ = {isa = PBXFileReference; fileEncoding = 4; lastKnownFileType = sourcecode.c.h; path = SightViewController.h; sourceTree = "<group>"; };
		F9AAB881269D1125BC830C1E /* UITableViewMock.h */ = {isa = PBXFileReference; fileEncoding = 4; lastKnownFileType = sourcecode.c.h; path = UITableViewMock.h; sourceTree = "<group>"; };
		F9AAB91049A796B151D64506 /* SightDataSource.m */ = {isa = PBXFileReference; fileEncoding = 4; lastKnownFileType = sourcecode.c.objc; path = SightDataSource.m; sourceTree = "<group>"; };
		F9AABBEE76C268B64D3200E0 /* AppDelegateSpec.m */ = {isa = PBXFileReference; fileEncoding = 4; lastKnownFileType = sourcecode.c.objc; path = AppDelegateSpec.m; sourceTree = SOURCE_ROOT; };
		F9AABCEA2AC26E08D8E4B9B1 /* SightViewModel.h */ = {isa = PBXFileReference; fileEncoding = 4; lastKnownFileType = sourcecode.c.h; path = SightViewModel.h; sourceTree = "<group>"; };
		F9AABD09F73AE50D40C78B98 /* Registry.m */ = {isa = PBXFileReference; fileEncoding = 4; lastKnownFileType = sourcecode.c.objc; path = Registry.m; sourceTree = "<group>"; };
		F9AABE353261484885F5EC58 /* RegistrySpec.m */ = {isa = PBXFileReference; fileEncoding = 4; lastKnownFileType = sourcecode.c.objc; path = RegistrySpec.m; sourceTree = "<group>"; };
		F9AABEAF180D9830D65CC31B /* SightDataSource.h */ = {isa = PBXFileReference; fileEncoding = 4; lastKnownFileType = sourcecode.c.h; path = SightDataSource.h; sourceTree = "<group>"; };
		F9AABF38C75175267D6A5A51 /* SightViewModel.m */ = {isa = PBXFileReference; fileEncoding = 4; lastKnownFileType = sourcecode.c.objc; path = SightViewModel.m; sourceTree = "<group>"; };
/* End PBXFileReference section */

/* Begin PBXFrameworksBuildPhase section */
		058C698518FF0B380031F618 /* Frameworks */ = {
			isa = PBXFrameworksBuildPhase;
			buildActionMask = 2147483647;
			files = (
				058C698E18FF0B380031F618 /* CoreGraphics.framework in Frameworks */,
				058C699018FF0B380031F618 /* UIKit.framework in Frameworks */,
				058C698C18FF0B380031F618 /* Foundation.framework in Frameworks */,
				052A2DE1037F4FBDBD5B71E1 /* libPods.a in Frameworks */,
			);
			runOnlyForDeploymentPostprocessing = 0;
		};
		058C69A918FF0B380031F618 /* Frameworks */ = {
			isa = PBXFrameworksBuildPhase;
			buildActionMask = 2147483647;
			files = (
				058C69AE18FF0B380031F618 /* XCTest.framework in Frameworks */,
				058C69B018FF0B380031F618 /* UIKit.framework in Frameworks */,
				058C69AF18FF0B380031F618 /* Foundation.framework in Frameworks */,
				4E603C222BE64C73A413B04D /* libPods-WanderlustTests.a in Frameworks */,
			);
			runOnlyForDeploymentPostprocessing = 0;
		};
/* End PBXFrameworksBuildPhase section */

/* Begin PBXGroup section */
		0588BC8E1906FC2900EA73C8 /* Resources */ = {
			isa = PBXGroup;
			children = (
				0588BC8C1906FC1400EA73C8 /* testImage.jpg */,
			);
			name = Resources;
			sourceTree = "<group>";
		};
		058C697F18FF0B380031F618 = {
			isa = PBXGroup;
			children = (
				058C699118FF0B380031F618 /* Wanderlust */,
				058C69B318FF0B380031F618 /* WanderlustTests */,
				058C698A18FF0B380031F618 /* Frameworks */,
				058C698918FF0B380031F618 /* Products */,
				6959537B4BF94BB09E6F34D0 /* Pods.xcconfig */,
				49A4783A36894C17847E3205 /* Pods-WanderlustTests.xcconfig */,
			);
			sourceTree = "<group>";
		};
		058C698918FF0B380031F618 /* Products */ = {
			isa = PBXGroup;
			children = (
				058C698818FF0B380031F618 /* Wanderlust.app */,
				058C69AC18FF0B380031F618 /* WanderlustTests.xctest */,
			);
			name = Products;
			sourceTree = "<group>";
		};
		058C698A18FF0B380031F618 /* Frameworks */ = {
			isa = PBXGroup;
			children = (
				058C698B18FF0B380031F618 /* Foundation.framework */,
				058C698D18FF0B380031F618 /* CoreGraphics.framework */,
				058C698F18FF0B380031F618 /* UIKit.framework */,
				058C69AD18FF0B380031F618 /* XCTest.framework */,
				73705C8A1CC24B26BF57BE3F /* libPods.a */,
				F24267DFDA254621B782269F /* libPods-WanderlustTests.a */,
			);
			name = Frameworks;
			sourceTree = "<group>";
		};
		058C699118FF0B380031F618 /* Wanderlust */ = {
			isa = PBXGroup;
			children = (
				0588BC8E1906FC2900EA73C8 /* Resources */,
				058C69C318FF0B5E0031F618 /* SightViewCell.m */,
				058C69C418FF0B5E0031F618 /* SightViewCell.h */,
				058C699A18FF0B380031F618 /* AppDelegate.h */,
				058C699B18FF0B380031F618 /* AppDelegate.m */,
				058C699D18FF0B380031F618 /* Main_iPhone.storyboard */,
				058C69A018FF0B380031F618 /* Main_iPad.storyboard */,
				058C69A618FF0B380031F618 /* Images.xcassets */,
				058C699218FF0B380031F618 /* Supporting Files */,
				F9AAB9AC60176E341BB6CB5D /* Sight */,
				F9AABD09F73AE50D40C78B98 /* Registry.m */,
				F9AAB0A7758991B80D1B1145 /* Registry.h */,
				F9AAB5F192C0B713F002DBBE /* DataAccessStore.m */,
				F9AAB3DBB35EECC58ABCF962 /* DataAccessStore.h */,
			);
			path = Wanderlust;
			sourceTree = "<group>";
		};
		058C699218FF0B380031F618 /* Supporting Files */ = {
			isa = PBXGroup;
			children = (
				058C699318FF0B380031F618 /* Wanderlust-Info.plist */,
				058C699418FF0B380031F618 /* InfoPlist.strings */,
				058C699718FF0B380031F618 /* main.m */,
				058C699918FF0B380031F618 /* Wanderlust-Prefix.pch */,
			);
			name = "Supporting Files";
			sourceTree = "<group>";
		};
		058C69B318FF0B380031F618 /* WanderlustTests */ = {
			isa = PBXGroup;
			children = (
				058C69CC18FF0B660031F618 /* SightDataSourceSpec.m */,
				058C69CD18FF0B660031F618 /* SightViewControllerSpec.m */,
				058C69B418FF0B380031F618 /* Supporting Files */,
				F9AAB3C95BA2C74ECE755324 /* SightViewModelSpec.m */,
				F9AAB2F30622ADE9FF61B91F /* SightViewCellSpec.m */,
				F9AAB00F9DC4D9BEC51ED664 /* UITableViewMock.m */,
				F9AAB881269D1125BC830C1E /* UITableViewMock.h */,
				F9AABBEE76C268B64D3200E0 /* AppDelegateSpec.m */,
				F9AABE353261484885F5EC58 /* RegistrySpec.m */,
				F9AAB6307883EE1996DE59BA /* DataAccessStoreSpec.m */,
			);
			path = WanderlustTests;
			sourceTree = "<group>";
		};
		058C69B418FF0B380031F618 /* Supporting Files */ = {
			isa = PBXGroup;
			children = (
				058C69B518FF0B380031F618 /* WanderlustTests-Info.plist */,
				058C69B618FF0B380031F618 /* InfoPlist.strings */,
			);
			name = "Supporting Files";
			sourceTree = "<group>";
		};
		F9AAB9AC60176E341BB6CB5D /* Sight */ = {
			isa = PBXGroup;
			children = (
				F9AAB16F24E3319A715AE138 /* SightViewController.m */,
				F9AABEAF180D9830D65CC31B /* SightDataSource.h */,
				F9AAB67153552A605B79C71A /* SightViewController.h */,
				F9AABCEA2AC26E08D8E4B9B1 /* SightViewModel.h */,
				F9AAB91049A796B151D64506 /* SightDataSource.m */,
				F9AABF38C75175267D6A5A51 /* SightViewModel.m */,
			);
			path = Sight;
			sourceTree = "<group>";
		};
/* End PBXGroup section */

/* Begin PBXNativeTarget section */
		058C698718FF0B380031F618 /* Wanderlust */ = {
			isa = PBXNativeTarget;
			buildConfigurationList = 058C69BD18FF0B380031F618 /* Build configuration list for PBXNativeTarget "Wanderlust" */;
			buildPhases = (
				29BF07E669954027AE0FA78D /* Check Pods Manifest.lock */,
				058C698418FF0B380031F618 /* Sources */,
				058C698518FF0B380031F618 /* Frameworks */,
				058C698618FF0B380031F618 /* Resources */,
				5E5E76051F9649F0AC5940CB /* Copy Pods Resources */,
			);
			buildRules = (
			);
			dependencies = (
			);
			name = Wanderlust;
			productName = Wanderlust;
			productReference = 058C698818FF0B380031F618 /* Wanderlust.app */;
			productType = "com.apple.product-type.application";
		};
		058C69AB18FF0B380031F618 /* WanderlustTests */ = {
			isa = PBXNativeTarget;
			buildConfigurationList = 058C69C018FF0B380031F618 /* Build configuration list for PBXNativeTarget "WanderlustTests" */;
			buildPhases = (
				E69E79FAEDE341A18BCA1683 /* Check Pods Manifest.lock */,
				058C69A818FF0B380031F618 /* Sources */,
				058C69A918FF0B380031F618 /* Frameworks */,
				058C69AA18FF0B380031F618 /* Resources */,
				219EFAE3F2A9415DA4FA20B5 /* Copy Pods Resources */,
			);
			buildRules = (
			);
			dependencies = (
				058C69B218FF0B380031F618 /* PBXTargetDependency */,
			);
			name = WanderlustTests;
			productName = WanderlustTests;
			productReference = 058C69AC18FF0B380031F618 /* WanderlustTests.xctest */;
			productType = "com.apple.product-type.bundle.unit-test";
		};
/* End PBXNativeTarget section */

/* Begin PBXProject section */
		058C698018FF0B380031F618 /* Project object */ = {
			isa = PBXProject;
			attributes = {
				LastUpgradeCheck = 0510;
				ORGANIZATIONNAME = "Jon Andersen";
				TargetAttributes = {
					058C69AB18FF0B380031F618 = {
						TestTargetID = 058C698718FF0B380031F618;
					};
				};
			};
			buildConfigurationList = 058C698318FF0B380031F618 /* Build configuration list for PBXProject "Wanderlust" */;
			compatibilityVersion = "Xcode 3.2";
			developmentRegion = English;
			hasScannedForEncodings = 0;
			knownRegions = (
				en,
				Base,
			);
			mainGroup = 058C697F18FF0B380031F618;
			productRefGroup = 058C698918FF0B380031F618 /* Products */;
			projectDirPath = "";
			projectRoot = "";
			targets = (
				058C698718FF0B380031F618 /* Wanderlust */,
				058C69AB18FF0B380031F618 /* WanderlustTests */,
			);
		};
/* End PBXProject section */

/* Begin PBXResourcesBuildPhase section */
		058C698618FF0B380031F618 /* Resources */ = {
			isa = PBXResourcesBuildPhase;
			buildActionMask = 2147483647;
			files = (
				0588BC8D1906FC1400EA73C8 /* testImage.jpg in Resources */,
				058C69A218FF0B380031F618 /* Main_iPad.storyboard in Resources */,
				058C69A718FF0B380031F618 /* Images.xcassets in Resources */,
				058C699F18FF0B380031F618 /* Main_iPhone.storyboard in Resources */,
				058C699618FF0B380031F618 /* InfoPlist.strings in Resources */,
			);
			runOnlyForDeploymentPostprocessing = 0;
		};
		058C69AA18FF0B380031F618 /* Resources */ = {
			isa = PBXResourcesBuildPhase;
			buildActionMask = 2147483647;
			files = (
				058C69B818FF0B380031F618 /* InfoPlist.strings in Resources */,
			);
			runOnlyForDeploymentPostprocessing = 0;
		};
/* End PBXResourcesBuildPhase section */

/* Begin PBXShellScriptBuildPhase section */
		219EFAE3F2A9415DA4FA20B5 /* Copy Pods Resources */ = {
			isa = PBXShellScriptBuildPhase;
			buildActionMask = 2147483647;
			files = (
			);
			inputPaths = (
			);
			name = "Copy Pods Resources";
			outputPaths = (
			);
			runOnlyForDeploymentPostprocessing = 0;
			shellPath = /bin/sh;
			shellScript = "\"${SRCROOT}/Pods/Pods-WanderlustTests-resources.sh\"\n";
			showEnvVarsInLog = 0;
		};
		29BF07E669954027AE0FA78D /* Check Pods Manifest.lock */ = {
			isa = PBXShellScriptBuildPhase;
			buildActionMask = 2147483647;
			files = (
			);
			inputPaths = (
			);
			name = "Check Pods Manifest.lock";
			outputPaths = (
			);
			runOnlyForDeploymentPostprocessing = 0;
			shellPath = /bin/sh;
			shellScript = "diff \"${PODS_ROOT}/../Podfile.lock\" \"${PODS_ROOT}/Manifest.lock\" > /dev/null\nif [[ $? != 0 ]] ; then\n    cat << EOM\nerror: The sandbox is not in sync with the Podfile.lock. Run 'pod install' or update your CocoaPods installation.\nEOM\n    exit 1\nfi\n";
			showEnvVarsInLog = 0;
		};
		5E5E76051F9649F0AC5940CB /* Copy Pods Resources */ = {
			isa = PBXShellScriptBuildPhase;
			buildActionMask = 2147483647;
			files = (
			);
			inputPaths = (
			);
			name = "Copy Pods Resources";
			outputPaths = (
			);
			runOnlyForDeploymentPostprocessing = 0;
			shellPath = /bin/sh;
			shellScript = "\"${SRCROOT}/Pods/Pods-resources.sh\"\n";
			showEnvVarsInLog = 0;
		};
		E69E79FAEDE341A18BCA1683 /* Check Pods Manifest.lock */ = {
			isa = PBXShellScriptBuildPhase;
			buildActionMask = 2147483647;
			files = (
			);
			inputPaths = (
			);
			name = "Check Pods Manifest.lock";
			outputPaths = (
			);
			runOnlyForDeploymentPostprocessing = 0;
			shellPath = /bin/sh;
			shellScript = "diff \"${PODS_ROOT}/../Podfile.lock\" \"${PODS_ROOT}/Manifest.lock\" > /dev/null\nif [[ $? != 0 ]] ; then\n    cat << EOM\nerror: The sandbox is not in sync with the Podfile.lock. Run 'pod install' or update your CocoaPods installation.\nEOM\n    exit 1\nfi\n";
			showEnvVarsInLog = 0;
		};
/* End PBXShellScriptBuildPhase section */

/* Begin PBXSourcesBuildPhase section */
		058C698418FF0B380031F618 /* Sources */ = {
			isa = PBXSourcesBuildPhase;
			buildActionMask = 2147483647;
			files = (
				058C69C918FF0B5E0031F618 /* SightViewCell.m in Sources */,
				058C699C18FF0B380031F618 /* AppDelegate.m in Sources */,
				058C699818FF0B380031F618 /* main.m in Sources */,
				F9AABABFAE69889A040437D9 /* SightViewController.m in Sources */,
				F9AAB40C08709D090CF7A7F7 /* SightDataSource.m in Sources */,
				F9AABEAB81B11D6FCD0BB83C /* SightViewModel.m in Sources */,
				F9AAB2838548A27D8AE6A259 /* Registry.m in Sources */,
				F9AAB0A6DA25944B66EF20FD /* DataAccessStore.m in Sources */,
			);
			runOnlyForDeploymentPostprocessing = 0;
		};
		058C69A818FF0B380031F618 /* Sources */ = {
			isa = PBXSourcesBuildPhase;
			buildActionMask = 2147483647;
			files = (
				058C69CF18FF0B660031F618 /* SightViewControllerSpec.m in Sources */,
				058C69CE18FF0B660031F618 /* SightDataSourceSpec.m in Sources */,
				F9AAB6926A89E0CB3AF23EF2 /* SightViewModelSpec.m in Sources */,
				F9AABB0C7B5FD7CB8E56CD67 /* SightViewCellSpec.m in Sources */,
				F9AAB651565770D4810DF36B /* UITableViewMock.m in Sources */,
				F9AABC2587ED6A0A12BC5D67 /* AppDelegateSpec.m in Sources */,
				F9AAB5330863DE9E8D646FBF /* RegistrySpec.m in Sources */,
				F9AAB63F883BBB36C3CA92E6 /* DataAccessStoreSpec.m in Sources */,
			);
			runOnlyForDeploymentPostprocessing = 0;
		};
/* End PBXSourcesBuildPhase section */

/* Begin PBXTargetDependency section */
		058C69B218FF0B380031F618 /* PBXTargetDependency */ = {
			isa = PBXTargetDependency;
			target = 058C698718FF0B380031F618 /* Wanderlust */;
			targetProxy = 058C69B118FF0B380031F618 /* PBXContainerItemProxy */;
		};
/* End PBXTargetDependency section */

/* Begin PBXVariantGroup section */
		058C699418FF0B380031F618 /* InfoPlist.strings */ = {
			isa = PBXVariantGroup;
			children = (
				058C699518FF0B380031F618 /* en */,
			);
			name = InfoPlist.strings;
			sourceTree = "<group>";
		};
		058C699D18FF0B380031F618 /* Main_iPhone.storyboard */ = {
			isa = PBXVariantGroup;
			children = (
				058C699E18FF0B380031F618 /* Base */,
			);
			name = Main_iPhone.storyboard;
			sourceTree = "<group>";
		};
		058C69A018FF0B380031F618 /* Main_iPad.storyboard */ = {
			isa = PBXVariantGroup;
			children = (
				058C69A118FF0B380031F618 /* Base */,
			);
			name = Main_iPad.storyboard;
			sourceTree = "<group>";
		};
		058C69B618FF0B380031F618 /* InfoPlist.strings */ = {
			isa = PBXVariantGroup;
			children = (
				058C69B718FF0B380031F618 /* en */,
			);
			name = InfoPlist.strings;
			sourceTree = "<group>";
		};
/* End PBXVariantGroup section */

/* Begin XCBuildConfiguration section */
		058C69BB18FF0B380031F618 /* Debug */ = {
			isa = XCBuildConfiguration;
			buildSettings = {
				ALWAYS_SEARCH_USER_PATHS = NO;
				CLANG_CXX_LANGUAGE_STANDARD = "gnu++0x";
				CLANG_CXX_LIBRARY = "libc++";
				CLANG_ENABLE_MODULES = YES;
				CLANG_ENABLE_OBJC_ARC = YES;
				CLANG_WARN_BOOL_CONVERSION = YES;
				CLANG_WARN_CONSTANT_CONVERSION = YES;
				CLANG_WARN_DIRECT_OBJC_ISA_USAGE = YES_ERROR;
				CLANG_WARN_EMPTY_BODY = YES;
				CLANG_WARN_ENUM_CONVERSION = YES;
				CLANG_WARN_INT_CONVERSION = YES;
				CLANG_WARN_OBJC_ROOT_CLASS = YES_ERROR;
				CLANG_WARN__DUPLICATE_METHOD_MATCH = YES;
				"CODE_SIGN_IDENTITY[sdk=iphoneos*]" = "iPhone Developer";
				COPY_PHASE_STRIP = NO;
				GCC_C_LANGUAGE_STANDARD = gnu99;
				GCC_DYNAMIC_NO_PIC = NO;
				GCC_OPTIMIZATION_LEVEL = 0;
				GCC_PREPROCESSOR_DEFINITIONS = (
					"DEBUG=1",
					"$(inherited)",
				);
				GCC_SYMBOLS_PRIVATE_EXTERN = NO;
				GCC_WARN_64_TO_32_BIT_CONVERSION = YES;
				GCC_WARN_ABOUT_RETURN_TYPE = YES_ERROR;
				GCC_WARN_UNDECLARED_SELECTOR = YES;
				GCC_WARN_UNINITIALIZED_AUTOS = YES_AGGRESSIVE;
				GCC_WARN_UNUSED_FUNCTION = YES;
				GCC_WARN_UNUSED_VARIABLE = YES;
				IPHONEOS_DEPLOYMENT_TARGET = 7.1;
				ONLY_ACTIVE_ARCH = YES;
				SDKROOT = iphoneos;
				TARGETED_DEVICE_FAMILY = "1,2";
			};
			name = Debug;
		};
		058C69BC18FF0B380031F618 /* Release */ = {
			isa = XCBuildConfiguration;
			buildSettings = {
				ALWAYS_SEARCH_USER_PATHS = NO;
				CLANG_CXX_LANGUAGE_STANDARD = "gnu++0x";
				CLANG_CXX_LIBRARY = "libc++";
				CLANG_ENABLE_MODULES = YES;
				CLANG_ENABLE_OBJC_ARC = YES;
				CLANG_WARN_BOOL_CONVERSION = YES;
				CLANG_WARN_CONSTANT_CONVERSION = YES;
				CLANG_WARN_DIRECT_OBJC_ISA_USAGE = YES_ERROR;
				CLANG_WARN_EMPTY_BODY = YES;
				CLANG_WARN_ENUM_CONVERSION = YES;
				CLANG_WARN_INT_CONVERSION = YES;
				CLANG_WARN_OBJC_ROOT_CLASS = YES_ERROR;
				CLANG_WARN__DUPLICATE_METHOD_MATCH = YES;
				"CODE_SIGN_IDENTITY[sdk=iphoneos*]" = "iPhone Developer";
				COPY_PHASE_STRIP = YES;
				ENABLE_NS_ASSERTIONS = NO;
				GCC_C_LANGUAGE_STANDARD = gnu99;
				GCC_WARN_64_TO_32_BIT_CONVERSION = YES;
				GCC_WARN_ABOUT_RETURN_TYPE = YES_ERROR;
				GCC_WARN_UNDECLARED_SELECTOR = YES;
				GCC_WARN_UNINITIALIZED_AUTOS = YES_AGGRESSIVE;
				GCC_WARN_UNUSED_FUNCTION = YES;
				GCC_WARN_UNUSED_VARIABLE = YES;
				IPHONEOS_DEPLOYMENT_TARGET = 7.1;
				SDKROOT = iphoneos;
				TARGETED_DEVICE_FAMILY = "1,2";
				VALIDATE_PRODUCT = YES;
			};
			name = Release;
		};
		058C69BE18FF0B380031F618 /* Debug */ = {
			isa = XCBuildConfiguration;
			baseConfigurationReference = 6959537B4BF94BB09E6F34D0 /* Pods.xcconfig */;
			buildSettings = {
				ASSETCATALOG_COMPILER_APPICON_NAME = AppIcon;
				ASSETCATALOG_COMPILER_LAUNCHIMAGE_NAME = LaunchImage;
				GCC_PRECOMPILE_PREFIX_HEADER = YES;
				GCC_PREFIX_HEADER = "Wanderlust/Wanderlust-Prefix.pch";
				INFOPLIST_FILE = "Wanderlust/Wanderlust-Info.plist";
				PRODUCT_NAME = "$(TARGET_NAME)";
				WRAPPER_EXTENSION = app;
			};
			name = Debug;
		};
		058C69BF18FF0B380031F618 /* Release */ = {
			isa = XCBuildConfiguration;
			baseConfigurationReference = 6959537B4BF94BB09E6F34D0 /* Pods.xcconfig */;
			buildSettings = {
				ASSETCATALOG_COMPILER_APPICON_NAME = AppIcon;
				ASSETCATALOG_COMPILER_LAUNCHIMAGE_NAME = LaunchImage;
				GCC_PRECOMPILE_PREFIX_HEADER = YES;
				GCC_PREFIX_HEADER = "Wanderlust/Wanderlust-Prefix.pch";
				INFOPLIST_FILE = "Wanderlust/Wanderlust-Info.plist";
				PRODUCT_NAME = "$(TARGET_NAME)";
				WRAPPER_EXTENSION = app;
			};
			name = Release;
		};
		058C69C118FF0B380031F618 /* Debug */ = {
			isa = XCBuildConfiguration;
			baseConfigurationReference = 49A4783A36894C17847E3205 /* Pods-WanderlustTests.xcconfig */;
			buildSettings = {
				BUNDLE_LOADER = "$(BUILT_PRODUCTS_DIR)/Wanderlust.app/Wanderlust";
				FRAMEWORK_SEARCH_PATHS = (
					"$(SDKROOT)/Developer/Library/Frameworks",
					"$(inherited)",
					"$(DEVELOPER_FRAMEWORKS_DIR)",
				);
				GCC_PRECOMPILE_PREFIX_HEADER = YES;
				GCC_PREFIX_HEADER = "Wanderlust/Wanderlust-Prefix.pch";
				GCC_PREPROCESSOR_DEFINITIONS = (
					"DEBUG=1",
					"$(inherited)",
				);
				INFOPLIST_FILE = "WanderlustTests/WanderlustTests-Info.plist";
				PRODUCT_NAME = "$(TARGET_NAME)";
				TEST_HOST = "$(BUNDLE_LOADER)";
				WRAPPER_EXTENSION = xctest;
			};
			name = Debug;
		};
		058C69C218FF0B380031F618 /* Release */ = {
			isa = XCBuildConfiguration;
			baseConfigurationReference = 49A4783A36894C17847E3205 /* Pods-WanderlustTests.xcconfig */;
			buildSettings = {
				BUNDLE_LOADER = "$(BUILT_PRODUCTS_DIR)/Wanderlust.app/Wanderlust";
				FRAMEWORK_SEARCH_PATHS = (
					"$(SDKROOT)/Developer/Library/Frameworks",
					"$(inherited)",
					"$(DEVELOPER_FRAMEWORKS_DIR)",
				);
				GCC_PRECOMPILE_PREFIX_HEADER = YES;
				GCC_PREFIX_HEADER = "Wanderlust/Wanderlust-Prefix.pch";
				INFOPLIST_FILE = "WanderlustTests/WanderlustTests-Info.plist";
				PRODUCT_NAME = "$(TARGET_NAME)";
				TEST_HOST = "$(BUNDLE_LOADER)";
				WRAPPER_EXTENSION = xctest;
			};
			name = Release;
		};
/* End XCBuildConfiguration section */

/* Begin XCConfigurationList section */
		058C698318FF0B380031F618 /* Build configuration list for PBXProject "Wanderlust" */ = {
			isa = XCConfigurationList;
			buildConfigurations = (
				058C69BB18FF0B380031F618 /* Debug */,
				058C69BC18FF0B380031F618 /* Release */,
			);
			defaultConfigurationIsVisible = 0;
			defaultConfigurationName = Release;
		};
		058C69BD18FF0B380031F618 /* Build configuration list for PBXNativeTarget "Wanderlust" */ = {
			isa = XCConfigurationList;
			buildConfigurations = (
				058C69BE18FF0B380031F618 /* Debug */,
				058C69BF18FF0B380031F618 /* Release */,
			);
			defaultConfigurationIsVisible = 0;
			defaultConfigurationName = Release;
		};
		058C69C018FF0B380031F618 /* Build configuration list for PBXNativeTarget "WanderlustTests" */ = {
			isa = XCConfigurationList;
			buildConfigurations = (
				058C69C118FF0B380031F618 /* Debug */,
				058C69C218FF0B380031F618 /* Release */,
			);
			defaultConfigurationIsVisible = 0;
			defaultConfigurationName = Release;
		};
/* End XCConfigurationList section */
	};
	rootObject = 058C698018FF0B380031F618 /* Project object */;
}
